{
  "lockfileVersion": 1,
  "configVersion": 1,
  "workspaces": {
    "": {
      "name": "ashiba",
      "dependencies": {
        "@ltd/j-toml": "^1.0.0",
        "arktype": "^2.1.28",
        "picocolors": "^1.0.0",
        "prompts": "^2.4.2",
        "zlye": "^0.4.4",
      },
      "devDependencies": {
        "@types/prompts": "^2.4.9",
      },
    },
  },
  "packages": {
    "@ark/schema": ["@ark/schema@0.56.0", "", { "dependencies": { "@ark/util": "0.56.0" } }, "sha512-ECg3hox/6Z/nLajxXqNhgPtNdHWC9zNsDyskwO28WinoFEnWow4IsERNz9AnXRhTZJnYIlAJ4uGn3nlLk65vZA=="],

    "@ark/util": ["@ark/util@0.56.0", "", {}, "sha512-BghfRC8b9pNs3vBoDJhcta0/c1J1rsoS1+HgVUreMFPdhz/CRAKReAu57YEllNaSy98rWAdY1gE+gFup7OXpgA=="],

    "@ltd/j-toml": ["@ltd/j-toml@1.38.0", "", {}, "sha512-lYtBcmvHustHQtg4X7TXUu1Xa/tbLC3p2wLvgQI+fWVySguVZJF60Snxijw5EiohumxZbR10kWYFFebh1zotiw=="],

    "@types/node": ["@types/node@24.10.2", "", { "dependencies": { "undici-types": "~7.16.0" } }, "sha512-WOhQTZ4G8xZ1tjJTvKOpyEVSGgOTvJAfDK3FNFgELyaTpzhdgHVHeqW8V+UJvzF5BT+/B54T/1S2K6gd9c7bbA=="],

    "@types/prompts": ["@types/prompts@2.4.9", "", { "dependencies": { "@types/node": "*", "kleur": "^3.0.3" } }, "sha512-qTxFi6Buiu8+50/+3DGIWLHM6QuWsEKugJnnP6iv2Mc4ncxE4A/OJkjuVOA+5X0X1S/nq5VJRa8Lu+nwcvbrKA=="],

    "arkregex": ["arkregex@0.0.4", "", { "dependencies": { "@ark/util": "0.56.0" } }, "sha512-biS/FkvSwQq59TZ453piUp8bxMui11pgOMV9WHAnli1F8o0ayNCZzUwQadL/bGIUic5TkS/QlPcyMuI8ZIwedQ=="],

    "arktype": ["arktype@2.1.28", "", { "dependencies": { "@ark/schema": "0.56.0", "@ark/util": "0.56.0", "arkregex": "0.0.4" } }, "sha512-LVZqXl2zWRpNFnbITrtFmqeqNkPPo+KemuzbGSY6jvJwCb4v8NsDzrWOLHnQgWl26TkJeWWcUNUeBpq2Mst1/Q=="],

    "kleur": ["kleur@3.0.3", "", {}, "sha512-eTIzlVOSUR+JxdDFepEYcBMtZ9Qqdef+rnzWdRZuMbOywu5tO2w2N7rqjoANZ5k9vywhL6Br1VRjUIgTQx4E8w=="],

    "picocolors": ["picocolors@1.1.1", "", {}, "sha512-xceH2snhtb5M9liqDsmEw56le376mTZkEX/jEb/RxNFyegNul7eNslCXP9FDj/Lcu0X8KEyMceP2ntpaHrDEVA=="],

    "prompts": ["prompts@2.4.2", "", { "dependencies": { "kleur": "^3.0.3", "sisteransi": "^1.0.5" } }, "sha512-NxNv/kLguCA7p3jE8oL2aEBsrJWgAakBpgmgK6lpPWV+WuOmY6r2/zbAVnP+T8bQlA0nzHXSJSJW0Hq7ylaD2Q=="],

    "sisteransi": ["sisteransi@1.0.5", "", {}, "sha512-bLGGlR1QxBcynn2d5YmDX4MGjlZvy2MRBDRNHLJ8VI6l6+9FUiyTFNJ0IveOSP0bcXgVDPRcfGqA0pjaqUpfVg=="],

    "typescript": ["typescript@5.9.3", "", { "bin": { "tsc": "bin/tsc", "tsserver": "bin/tsserver" } }, "sha512-jl1vZzPDinLr9eUt3J/t7V6FgNEw9QjvBPdysz9KfQDD41fQrC2Y4vKQdiaUpFT4bXlb1RHhLpp8wtm6M5TgSw=="],

    "undici-types": ["undici-types@7.16.0", "", {}, "sha512-Zz+aZWSj8LE6zoxD+xrjh4VfkIG8Ya6LvYkZqtUQGJPZjYl53ypCaUwWqo7eI0x66KBGeRo+mlBEkMSeSZ38Nw=="],

    "zlye": ["zlye@0.4.4", "", { "dependencies": { "picocolors": "^1.1.1" }, "peerDependencies": { "typescript": ">=4.5.0" }, "optionalPeers": ["typescript"] }, "sha512-fwpeC841X3ElOLYRMKXbwX29pitNrsm6nRNvEhDMrRXDl3BhR2i03Bkr0GNrpyYgZJuEzUsBylXAYzgGPXXOCQ=="],
  }
}
